// !$*UTF8*$!
{
	archiveVersion = 1;
	classes = {
	};
	objectVersion = 46;
	objects = {

/* Begin PBXBuildFile section */
		98656F311BFF7E22002D4EB7 /* AppDelegate.swift in Sources */ = {isa = PBXBuildFile; fileRef = 98656F301BFF7E22002D4EB7 /* AppDelegate.swift */; };
		98656F331BFF7E22002D4EB7 /* ViewController.swift in Sources */ = {isa = PBXBuildFile; fileRef = 98656F321BFF7E22002D4EB7 /* ViewController.swift */; };
		98656F361BFF7E22002D4EB7 /* Main.storyboard in Resources */ = {isa = PBXBuildFile; fileRef = 98656F341BFF7E22002D4EB7 /* Main.storyboard */; };
		98656F381BFF7E22002D4EB7 /* Assets.xcassets in Resources */ = {isa = PBXBuildFile; fileRef = 98656F371BFF7E22002D4EB7 /* Assets.xcassets */; };
		98656F3B1BFF7E22002D4EB7 /* LaunchScreen.storyboard in Resources */ = {isa = PBXBuildFile; fileRef = 98656F391BFF7E22002D4EB7 /* LaunchScreen.storyboard */; };
		98656F461BFF7E23002D4EB7 /* Rokuon_R001_SwiftTests.swift in Sources */ = {isa = PBXBuildFile; fileRef = 98656F451BFF7E23002D4EB7 /* Rokuon_R001_SwiftTests.swift */; };
		98656F511BFF7E23002D4EB7 /* Rokuon_R001_SwiftUITests.swift in Sources */ = {isa = PBXBuildFile; fileRef = 98656F501BFF7E23002D4EB7 /* Rokuon_R001_SwiftUITests.swift */; };
		98656F621BFF8475002D4EB7 /* Pause.png in Resources */ = {isa = PBXBuildFile; fileRef = 98656F5F1BFF8475002D4EB7 /* Pause.png */; };
		98656F631BFF8475002D4EB7 /* Play.png in Resources */ = {isa = PBXBuildFile; fileRef = 98656F601BFF8475002D4EB7 /* Play.png */; };
		98656F641BFF8475002D4EB7 /* Rec.png in Resources */ = {isa = PBXBuildFile; fileRef = 98656F611BFF8475002D4EB7 /* Rec.png */; };
		98656F681BFF8B75002D4EB7 /* AVFoundation.framework in Frameworks */ = {isa = PBXBuildFile; fileRef = 98656F671BFF8B75002D4EB7 /* AVFoundation.framework */; };
/* End PBXBuildFile section */

/* Begin PBXContainerItemProxy section */
		98656F421BFF7E23002D4EB7 /* PBXContainerItemProxy */ = {
			isa = PBXContainerItemProxy;
			containerPortal = 98656F251BFF7E22002D4EB7 /* Project object */;
			proxyType = 1;
			remoteGlobalIDString = 98656F2C1BFF7E22002D4EB7;
			remoteInfo = Rokuon_R001_Swift;
		};
		98656F4D1BFF7E23002D4EB7 /* PBXContainerItemProxy */ = {
			isa = PBXContainerItemProxy;
			containerPortal = 98656F251BFF7E22002D4EB7 /* Project object */;
			proxyType = 1;
			remoteGlobalIDString = 98656F2C1BFF7E22002D4EB7;
			remoteInfo = Rokuon_R001_Swift;
		};
/* End PBXContainerItemProxy section */

/* Begin PBXFileReference section */
		98656F2D1BFF7E22002D4EB7 /* Rokuon_R001_Swift.app */ = {isa = PBXFileReference; explicitFileType = wrapper.application; includeInIndex = 0; path = Rokuon_R001_Swift.app; sourceTree = BUILT_PRODUCTS_DIR; };
		98656F301BFF7E22002D4EB7 /* AppDelegate.swift */ = {isa = PBXFileReference; lastKnownFileType = sourcecode.swift; path = AppDelegate.swift; sourceTree = "<group>"; };
		98656F321BFF7E22002D4EB7 /* ViewController.swift */ = {isa = PBXFileReference; lastKnownFileType = sourcecode.swift; path = ViewController.swift; sourceTree = "<group>"; };
		98656F351BFF7E22002D4EB7 /* Base */ = {isa = PBXFileReference; lastKnownFileType = file.storyboard; name = Base; path = Base.lproj/Main.storyboard; sourceTree = "<group>"; };
		98656F371BFF7E22002D4EB7 /* Assets.xcassets */ = {isa = PBXFileReference; lastKnownFileType = folder.assetcatalog; path = Assets.xcassets; sourceTree = "<group>"; };
		98656F3A1BFF7E22002D4EB7 /* Base */ = {isa = PBXFileReference; lastKnownFileType = file.storyboard; name = Base; path = Base.lproj/LaunchScreen.storyboard; sourceTree = "<group>"; };
		98656F3C1BFF7E23002D4EB7 /* Info.plist */ = {isa = PBXFileReference; lastKnownFileType = text.plist.xml; path = Info.plist; sourceTree = "<group>"; };
		98656F411BFF7E23002D4EB7 /* Rokuon_R001_SwiftTests.xctest */ = {isa = PBXFileReference; explicitFileType = wrapper.cfbundle; includeInIndex = 0; path = Rokuon_R001_SwiftTests.xctest; sourceTree = BUILT_PRODUCTS_DIR; };
		98656F451BFF7E23002D4EB7 /* Rokuon_R001_SwiftTests.swift */ = {isa = PBXFileReference; lastKnownFileType = sourcecode.swift; path = Rokuon_R001_SwiftTests.swift; sourceTree = "<group>"; };
		98656F471BFF7E23002D4EB7 /* Info.plist */ = {isa = PBXFileReference; lastKnownFileType = text.plist.xml; path = Info.plist; sourceTree = "<group>"; };
		98656F4C1BFF7E23002D4EB7 /* Rokuon_R001_SwiftUITests.xctest */ = {isa = PBXFileReference; explicitFileType = wrapper.cfbundle; includeInIndex = 0; path = Rokuon_R001_SwiftUITests.xctest; sourceTree = BUILT_PRODUCTS_DIR; };
		98656F501BFF7E23002D4EB7 /* Rokuon_R001_SwiftUITests.swift */ = {isa = PBXFileReference; lastKnownFileType = sourcecode.swift; path = Rokuon_R001_SwiftUITests.swift; sourceTree = "<group>"; };
		98656F521BFF7E23002D4EB7 /* Info.plist */ = {isa = PBXFileReference; lastKnownFileType = text.plist.xml; path = Info.plist; sourceTree = "<group>"; };
		98656F5F1BFF8475002D4EB7 /* Pause.png */ = {isa = PBXFileReference; lastKnownFileType = image.png; path = Pause.png; sourceTree = "<group>"; };
		98656F601BFF8475002D4EB7 /* Play.png */ = {isa = PBXFileReference; lastKnownFileType = image.png; path = Play.png; sourceTree = "<group>"; };
		98656F611BFF8475002D4EB7 /* Rec.png */ = {isa = PBXFileReference; lastKnownFileType = image.png; path = Rec.png; sourceTree = "<group>"; };
		98656F671BFF8B75002D4EB7 /* AVFoundation.framework */ = {isa = PBXFileReference; lastKnownFileType = wrapper.framework; name = AVFoundation.framework; path = System/Library/Frameworks/AVFoundation.framework; sourceTree = SDKROOT; };
		98656F691C012E74002D4EB7 /* MyPlayground.playground */ = {isa = PBXFileReference; lastKnownFileType = file.playground; path = MyPlayground.playground; sourceTree = "<group>"; };
/* End PBXFileReference section */

/* Begin PBXFrameworksBuildPhase section */
		98656F2A1BFF7E22002D4EB7 /* Frameworks */ = {
			isa = PBXFrameworksBuildPhase;
			buildActionMask = 2147483647;
			files = (
				98656F681BFF8B75002D4EB7 /* AVFoundation.framework in Frameworks */,
			);
			runOnlyForDeploymentPostprocessing = 0;
		};
		98656F3E1BFF7E23002D4EB7 /* Frameworks */ = {
			isa = PBXFrameworksBuildPhase;
			buildActionMask = 2147483647;
			files = (
			);
			runOnlyForDeploymentPostprocessing = 0;
		};
		98656F491BFF7E23002D4EB7 /* Frameworks */ = {
			isa = PBXFrameworksBuildPhase;
			buildActionMask = 2147483647;
			files = (
			);
			runOnlyForDeploymentPostprocessing = 0;
		};
/* End PBXFrameworksBuildPhase section */

/* Begin PBXGroup section */
		98656F241BFF7E22002D4EB7 = {
			isa = PBXGroup;
			children = (
				98656F671BFF8B75002D4EB7 /* AVFoundation.framework */,
				98656F2F1BFF7E22002D4EB7 /* Rokuon_R001_Swift */,
				98656F441BFF7E23002D4EB7 /* Rokuon_R001_SwiftTests */,
				98656F4F1BFF7E23002D4EB7 /* Rokuon_R001_SwiftUITests */,
				98656F2E1BFF7E22002D4EB7 /* Products */,
			);
			sourceTree = "<group>";
		};
		98656F2E1BFF7E22002D4EB7 /* Products */ = {
			isa = PBXGroup;
			children = (
				98656F2D1BFF7E22002D4EB7 /* Rokuon_R001_Swift.app */,
				98656F411BFF7E23002D4EB7 /* Rokuon_R001_SwiftTests.xctest */,
				98656F4C1BFF7E23002D4EB7 /* Rokuon_R001_SwiftUITests.xctest */,
			);
			name = Products;
			sourceTree = "<group>";
		};
		98656F2F1BFF7E22002D4EB7 /* Rokuon_R001_Swift */ = {
			isa = PBXGroup;
			children = (
				98656F301BFF7E22002D4EB7 /* AppDelegate.swift */,
				98656F321BFF7E22002D4EB7 /* ViewController.swift */,
				98656F341BFF7E22002D4EB7 /* Main.storyboard */,
				98656F371BFF7E22002D4EB7 /* Assets.xcassets */,
				98656F391BFF7E22002D4EB7 /* LaunchScreen.storyboard */,
				98656F3C1BFF7E23002D4EB7 /* Info.plist */,
				98656F5E1BFF8475002D4EB7 /* Images */,
				98656F691C012E74002D4EB7 /* MyPlayground.playground */,
			);
			path = Rokuon_R001_Swift;
			sourceTree = "<group>";
		};
		98656F441BFF7E23002D4EB7 /* Rokuon_R001_SwiftTests */ = {
			isa = PBXGroup;
			children = (
				98656F451BFF7E23002D4EB7 /* Rokuon_R001_SwiftTests.swift */,
				98656F471BFF7E23002D4EB7 /* Info.plist */,
			);
			path = Rokuon_R001_SwiftTests;
			sourceTree = "<group>";
		};
		98656F4F1BFF7E23002D4EB7 /* Rokuon_R001_SwiftUITests */ = {
			isa = PBXGroup;
			children = (
				98656F501BFF7E23002D4EB7 /* Rokuon_R001_SwiftUITests.swift */,
				98656F521BFF7E23002D4EB7 /* Info.plist */,
			);
			path = Rokuon_R001_SwiftUITests;
			sourceTree = "<group>";
		};
		98656F5E1BFF8475002D4EB7 /* Images */ = {
			isa = PBXGroup;
			children = (
				98656F5F1BFF8475002D4EB7 /* Pause.png */,
				98656F601BFF8475002D4EB7 /* Play.png */,
				98656F611BFF8475002D4EB7 /* Rec.png */,
			);
			path = Images;
			sourceTree = "<group>";
		};
/* End PBXGroup section */

/* Begin PBXNativeTarget section */
		98656F2C1BFF7E22002D4EB7 /* Rokuon_R001_Swift */ = {
			isa = PBXNativeTarget;
			buildConfigurationList = 98656F551BFF7E23002D4EB7 /* Build configuration list for PBXNativeTarget "Rokuon_R001_Swift" */;
			buildPhases = (
				98656F291BFF7E22002D4EB7 /* Sources */,
				98656F2A1BFF7E22002D4EB7 /* Frameworks */,
				98656F2B1BFF7E22002D4EB7 /* Resources */,
			);
			buildRules = (
			);
			dependencies = (
			);
			name = Rokuon_R001_Swift;
			productName = Rokuon_R001_Swift;
			productReference = 98656F2D1BFF7E22002D4EB7 /* Rokuon_R001_Swift.app */;
			productType = "com.apple.product-type.application";
		};
		98656F401BFF7E23002D4EB7 /* Rokuon_R001_SwiftTests */ = {
			isa = PBXNativeTarget;
			buildConfigurationList = 98656F581BFF7E23002D4EB7 /* Build configuration list for PBXNativeTarget "Rokuon_R001_SwiftTests" */;
			buildPhases = (
				98656F3D1BFF7E23002D4EB7 /* Sources */,
				98656F3E1BFF7E23002D4EB7 /* Frameworks */,
				98656F3F1BFF7E23002D4EB7 /* Resources */,
			);
			buildRules = (
			);
			dependencies = (
				98656F431BFF7E23002D4EB7 /* PBXTargetDependency */,
			);
			name = Rokuon_R001_SwiftTests;
			productName = Rokuon_R001_SwiftTests;
			productReference = 98656F411BFF7E23002D4EB7 /* Rokuon_R001_SwiftTests.xctest */;
			productType = "com.apple.product-type.bundle.unit-test";
		};
		98656F4B1BFF7E23002D4EB7 /* Rokuon_R001_SwiftUITests */ = {
			isa = PBXNativeTarget;
			buildConfigurationList = 98656F5B1BFF7E23002D4EB7 /* Build configuration list for PBXNativeTarget "Rokuon_R001_SwiftUITests" */;
			buildPhases = (
				98656F481BFF7E23002D4EB7 /* Sources */,
				98656F491BFF7E23002D4EB7 /* Frameworks */,
				98656F4A1BFF7E23002D4EB7 /* Resources */,
			);
			buildRules = (
			);
			dependencies = (
				98656F4E1BFF7E23002D4EB7 /* PBXTargetDependency */,
			);
			name = Rokuon_R001_SwiftUITests;
			productName = Rokuon_R001_SwiftUITests;
			productReference = 98656F4C1BFF7E23002D4EB7 /* Rokuon_R001_SwiftUITests.xctest */;
			productType = "com.apple.product-type.bundle.ui-testing";
		};
/* End PBXNativeTarget section */

/* Begin PBXProject section */
		98656F251BFF7E22002D4EB7 /* Project object */ = {
			isa = PBXProject;
			attributes = {
				LastSwiftUpdateCheck = 0710;
				LastUpgradeCheck = 0710;
				ORGANIZATIONNAME = "寺内 信夫";
				TargetAttributes = {
					98656F2C1BFF7E22002D4EB7 = {
						CreatedOnToolsVersion = 7.1.1;
						DevelopmentTeam = 4MR9PFC32K;
					};
					98656F401BFF7E23002D4EB7 = {
						CreatedOnToolsVersion = 7.1.1;
						DevelopmentTeam = 4MR9PFC32K;
						TestTargetID = 98656F2C1BFF7E22002D4EB7;
					};
					98656F4B1BFF7E23002D4EB7 = {
						CreatedOnToolsVersion = 7.1.1;
						DevelopmentTeam = 4MR9PFC32K;
						TestTargetID = 98656F2C1BFF7E22002D4EB7;
					};
				};
			};
			buildConfigurationList = 98656F281BFF7E22002D4EB7 /* Build configuration list for PBXProject "Rokuon_R001_Swift" */;
			compatibilityVersion = "Xcode 3.2";
			developmentRegion = English;
			hasScannedForEncodings = 0;
			knownRegions = (
				en,
				Base,
			);
			mainGroup = 98656F241BFF7E22002D4EB7;
			productRefGroup = 98656F2E1BFF7E22002D4EB7 /* Products */;
			projectDirPath = "";
			projectRoot = "";
			targets = (
				98656F2C1BFF7E22002D4EB7 /* Rokuon_R001_Swift */,
				98656F401BFF7E23002D4EB7 /* Rokuon_R001_SwiftTests */,
				98656F4B1BFF7E23002D4EB7 /* Rokuon_R001_SwiftUITests */,
			);
		};
/* End PBXProject section */

/* Begin PBXResourcesBuildPhase section */
		98656F2B1BFF7E22002D4EB7 /* Resources */ = {
			isa = PBXResourcesBuildPhase;
			buildActionMask = 2147483647;
			files = (
				98656F641BFF8475002D4EB7 /* Rec.png in Resources */,
				98656F3B1BFF7E22002D4EB7 /* LaunchScreen.storyboard in Resources */,
				98656F381BFF7E22002D4EB7 /* Assets.xcassets in Resources */,
				98656F631BFF8475002D4EB7 /* Play.png in Resources */,
				98656F621BFF8475002D4EB7 /* Pause.png in Resources */,
				98656F361BFF7E22002D4EB7 /* Main.storyboard in Resources */,
			);
			runOnlyForDeploymentPostprocessing = 0;
		};
		98656F3F1BFF7E23002D4EB7 /* Resources */ = {
			isa = PBXResourcesBuildPhase;
			buildActionMask = 2147483647;
			files = (
			);
			runOnlyForDeploymentPostprocessing = 0;
		};
		98656F4A1BFF7E23002D4EB7 /* Resources */ = {
			isa = PBXResourcesBuildPhase;
			buildActionMask = 2147483647;
			files = (
			);
			runOnlyForDeploymentPostprocessing = 0;
		};
/* End PBXResourcesBuildPhase section */

/* Begin PBXSourcesBuildPhase section */
		98656F291BFF7E22002D4EB7 /* Sources */ = {
			isa = PBXSourcesBuildPhase;
			buildActionMask = 2147483647;
			files = (
				98656F331BFF7E22002D4EB7 /* ViewController.swift in Sources */,
				98656F311BFF7E22002D4EB7 /* AppDelegate.swift in Sources */,
			);
			runOnlyForDeploymentPostprocessing = 0;
		};
		98656F3D1BFF7E23002D4EB7 /* Sources */ = {
			isa = PBXSourcesBuildPhase;
			buildActionMask = 2147483647;
			files = (
				98656F461BFF7E23002D4EB7 /* Rokuon_R001_SwiftTests.swift in Sources */,
			);
			runOnlyForDeploymentPostprocessing = 0;
		};
		98656F481BFF7E23002D4EB7 /* Sources */ = {
			isa = PBXSourcesBuildPhase;
			buildActionMask = 2147483647;
			files = (
				98656F511BFF7E23002D4EB7 /* Rokuon_R001_SwiftUITests.swift in Sources */,
			);
			runOnlyForDeploymentPostprocessing = 0;
		};
/* End PBXSourcesBuildPhase section */

/* Begin PBXTargetDependency section */
		98656F431BFF7E23002D4EB7 /* PBXTargetDependency */ = {
			isa = PBXTargetDependency;
			target = 98656F2C1BFF7E22002D4EB7 /* Rokuon_R001_Swift */;
			targetProxy = 98656F421BFF7E23002D4EB7 /* PBXContainerItemProxy */;
		};
		98656F4E1BFF7E23002D4EB7 /* PBXTargetDependency */ = {
			isa = PBXTargetDependency;
			target = 98656F2C1BFF7E22002D4EB7 /* Rokuon_R001_Swift */;
			targetProxy = 98656F4D1BFF7E23002D4EB7 /* PBXContainerItemProxy */;
		};
/* End PBXTargetDependency section */

/* Begin PBXVariantGroup section */
		98656F341BFF7E22002D4EB7 /* Main.storyboard */ = {
			isa = PBXVariantGroup;
			children = (
				98656F351BFF7E22002D4EB7 /* Base */,
			);
			name = Main.storyboard;
			sourceTree = "<group>";
		};
		98656F391BFF7E22002D4EB7 /* LaunchScreen.storyboard */ = {
			isa = PBXVariantGroup;
			children = (
				98656F3A1BFF7E22002D4EB7 /* Base */,
			);
			name = LaunchScreen.storyboard;
			sourceTree = "<group>";
		};
/* End PBXVariantGroup section */

/* Begin XCBuildConfiguration section */
		98656F531BFF7E23002D4EB7 /* Debug */ = {
			isa = XCBuildConfiguration;
			buildSettings = {
				ALWAYS_SEARCH_USER_PATHS = NO;
				CLANG_CXX_LANGUAGE_STANDARD = "gnu++0x";
				CLANG_CXX_LIBRARY = "libc++";
				CLANG_ENABLE_MODULES = YES;
				CLANG_ENABLE_OBJC_ARC = YES;
				CLANG_WARN_BOOL_CONVERSION = YES;
				CLANG_WARN_CONSTANT_CONVERSION = YES;
				CLANG_WARN_DIRECT_OBJC_ISA_USAGE = YES_ERROR;
				CLANG_WARN_EMPTY_BODY = YES;
				CLANG_WARN_ENUM_CONVERSION = YES;
				CLANG_WARN_INT_CONVERSION = YES;
				CLANG_WARN_OBJC_ROOT_CLASS = YES_ERROR;
				CLANG_WARN_UNREACHABLE_CODE = YES;
				CLANG_WARN__DUPLICATE_METHOD_MATCH = YES;
				"CODE_SIGN_IDENTITY[sdk=iphoneos*]" = "iPhone Developer";
				COPY_PHASE_STRIP = NO;
				DEBUG_INFORMATION_FORMAT = dwarf;
				ENABLE_STRICT_OBJC_MSGSEND = YES;
				ENABLE_TESTABILITY = YES;
				GCC_C_LANGUAGE_STANDARD = gnu99;
				GCC_DYNAMIC_NO_PIC = NO;
				GCC_NO_COMMON_BLOCKS = YES;
				GCC_OPTIMIZATION_LEVEL = 0;
				GCC_PREPROCESSOR_DEFINITIONS = (
					"DEBUG=1",
					"$(inherited)",
				);
				GCC_WARN_64_TO_32_BIT_CONVERSION = YES;
				GCC_WARN_ABOUT_RETURN_TYPE = YES_ERROR;
				GCC_WARN_UNDECLARED_SELECTOR = YES;
				GCC_WARN_UNINITIALIZED_AUTOS = YES_AGGRESSIVE;
				GCC_WARN_UNUSED_FUNCTION = YES;
				GCC_WARN_UNUSED_VARIABLE = YES;
				IPHONEOS_DEPLOYMENT_TARGET = 9.1;
				MTL_ENABLE_DEBUG_INFO = YES;
				ONLY_ACTIVE_ARCH = YES;
				SDKROOT = iphoneos;
				SWIFT_OPTIMIZATION_LEVEL = "-Onone";
			};
			name = Debug;
		};
		98656F541BFF7E23002D4EB7 /* Release */ = {
			isa = XCBuildConfiguration;
			buildSettings = {
				ALWAYS_SEARCH_USER_PATHS = NO;
				CLANG_CXX_LANGUAGE_STANDARD = "gnu++0x";
				CLANG_CXX_LIBRARY = "libc++";
				CLANG_ENABLE_MODULES = YES;
				CLANG_ENABLE_OBJC_ARC = YES;
				CLANG_WARN_BOOL_CONVERSION = YES;
				CLANG_WARN_CONSTANT_CONVERSION = YES;
				CLANG_WARN_DIRECT_OBJC_ISA_USAGE = YES_ERROR;
				CLANG_WARN_EMPTY_BODY = YES;
				CLANG_WARN_ENUM_CONVERSION = YES;
				CLANG_WARN_INT_CONVERSION = YES;
				CLANG_WARN_OBJC_ROOT_CLASS = YES_ERROR;
				CLANG_WARN_UNREACHABLE_CODE = YES;
				CLANG_WARN__DUPLICATE_METHOD_MATCH = YES;
				"CODE_SIGN_IDENTITY[sdk=iphoneos*]" = "iPhone Developer";
				COPY_PHASE_STRIP = NO;
				DEBUG_INFORMATION_FORMAT = "dwarf-with-dsym";
				ENABLE_NS_ASSERTIONS = NO;
				ENABLE_STRICT_OBJC_MSGSEND = YES;
				GCC_C_LANGUAGE_STANDARD = gnu99;
				GCC_NO_COMMON_BLOCKS = YES;
				GCC_WARN_64_TO_32_BIT_CONVERSION = YES;
				GCC_WARN_ABOUT_RETURN_TYPE = YES_ERROR;
				GCC_WARN_UNDECLARED_SELECTOR = YES;
				GCC_WARN_UNINITIALIZED_AUTOS = YES_AGGRESSIVE;
				GCC_WARN_UNUSED_FUNCTION = YES;
				GCC_WARN_UNUSED_VARIABLE = YES;
				IPHONEOS_DEPLOYMENT_TARGET = 9.1;
				MTL_ENABLE_DEBUG_INFO = NO;
				SDKROOT = iphoneos;
				VALIDATE_PRODUCT = YES;
			};
			name = Release;
		};
		98656F561BFF7E23002D4EB7 /* Debug */ = {
			isa = XCBuildConfiguration;
			buildSettings = {
				ASSETCATALOG_COMPILER_APPICON_NAME = AppIcon;
				INFOPLIST_FILE = Rokuon_R001_Swift/Info.plist;
				LD_RUNPATH_SEARCH_PATHS = "$(inherited) @executable_path/Frameworks";
				PRODUCT_BUNDLE_IDENTIFIER = "tera.Rokuon-R001-Swift";
				PRODUCT_NAME = "$(TARGET_NAME)";
			};
			name = Debug;
		};
		98656F571BFF7E23002D4EB7 /* Release */ = {
			isa = XCBuildConfiguration;
			buildSettings = {
				ASSETCATALOG_COMPILER_APPICON_NAME = AppIcon;
				INFOPLIST_FILE = Rokuon_R001_Swift/Info.plist;
				LD_RUNPATH_SEARCH_PATHS = "$(inherited) @executable_path/Frameworks";
				PRODUCT_BUNDLE_IDENTIFIER = "tera.Rokuon-R001-Swift";
				PRODUCT_NAME = "$(TARGET_NAME)";
			};
			name = Release;
		};
		98656F591BFF7E23002D4EB7 /* Debug */ = {
			isa = XCBuildConfiguration;
			buildSettings = {
				BUNDLE_LOADER = "$(TEST_HOST)";
				INFOPLIST_FILE = Rokuon_R001_SwiftTests/Info.plist;
				LD_RUNPATH_SEARCH_PATHS = "$(inherited) @executable_path/Frameworks @loader_path/Frameworks";
				PRODUCT_BUNDLE_IDENTIFIER = "tera.Rokuon-R001-SwiftTests";
				PRODUCT_NAME = "$(TARGET_NAME)";
				TEST_HOST = "$(BUILT_PRODUCTS_DIR)/Rokuon_R001_Swift.app/Rokuon_R001_Swift";
			};
			name = Debug;
		};
		98656F5A1BFF7E23002D4EB7 /* Release */ = {
			isa = XCBuildConfiguration;
			buildSettings = {
				BUNDLE_LOADER = "$(TEST_HOST)";
				INFOPLIST_FILE = Rokuon_R001_SwiftTests/Info.plist;
				LD_RUNPATH_SEARCH_PATHS = "$(inherited) @executable_path/Frameworks @loader_path/Frameworks";
				PRODUCT_BUNDLE_IDENTIFIER = "tera.Rokuon-R001-SwiftTests";
				PRODUCT_NAME = "$(TARGET_NAME)";
				TEST_HOST = "$(BUILT_PRODUCTS_DIR)/Rokuon_R001_Swift.app/Rokuon_R001_Swift";
			};
			name = Release;
		};
		98656F5C1BFF7E23002D4EB7 /* Debug */ = {
			isa = XCBuildConfiguration;
			buildSettings = {
				INFOPLIST_FILE = Rokuon_R001_SwiftUITests/Info.plist;
				LD_RUNPATH_SEARCH_PATHS = "$(inherited) @executable_path/Frameworks @loader_path/Frameworks";
				PRODUCT_BUNDLE_IDENTIFIER = "tera.Rokuon-R001-SwiftUITests";
				PRODUCT_NAME = "$(TARGET_NAME)";
				TEST_TARGET_NAME = Rokuon_R001_Swift;
				USES_XCTRUNNER = YES;
			};
			name = Debug;
		};
		98656F5D1BFF7E23002D4EB7 /* Release */ = {
			isa = XCBuildConfiguration;
			buildSettings = {
				INFOPLIST_FILE = Rokuon_R001_SwiftUITests/Info.plist;
				LD_RUNPATH_SEARCH_PATHS = "$(inherited) @executable_path/Frameworks @loader_path/Frameworks";
				PRODUCT_BUNDLE_IDENTIFIER = "tera.Rokuon-R001-SwiftUITests";
				PRODUCT_NAME = "$(TARGET_NAME)";
				TEST_TARGET_NAME = Rokuon_R001_Swift;
				USES_XCTRUNNER = YES;
			};
			name = Release;
		};
/* End XCBuildConfiguration section */

/* Begin XCConfigurationList section */
		98656F281BFF7E22002D4EB7 /* Build configuration list for PBXProject "Rokuon_R001_Swift" */ = {
			isa = XCConfigurationList;
			buildConfigurations = (
				98656F531BFF7E23002D4EB7 /* Debug */,
				98656F541BFF7E23002D4EB7 /* Release */,
			);
			defaultConfigurationIsVisible = 0;
			defaultConfigurationName = Release;
		};
		98656F551BFF7E23002D4EB7 /* Build configuration list for PBXNativeTarget "Rokuon_R001_Swift" */ = {
			isa = XCConfigurationList;
			buildConfigurations = (
				98656F561BFF7E23002D4EB7 /* Debug */,
				98656F571BFF7E23002D4EB7 /* Release */,
			);
			defaultConfigurationIsVisible = 0;
		};
		98656F581BFF7E23002D4EB7 /* Build configuration list for PBXNativeTarget "Rokuon_R001_SwiftTests" */ = {
			isa = XCConfigurationList;
			buildConfigurations = (
				98656F591BFF7E23002D4EB7 /* Debug */,
				98656F5A1BFF7E23002D4EB7 /* Release */,
			);
			defaultConfigurationIsVisible = 0;
		};
		98656F5B1BFF7E23002D4EB7 /* Build configuration list for PBXNativeTarget "Rokuon_R001_SwiftUITests" */ = {
			isa = XCConfigurationList;
			buildConfigurations = (
				98656F5C1BFF7E23002D4EB7 /* Debug */,
				98656F5D1BFF7E23002D4EB7 /* Release */,
			);
			defaultConfigurationIsVisible = 0;
		};
/* End XCConfigurationList section */
	};
	rootObject = 98656F251BFF7E22002D4EB7 /* Project object */;
}
